
Microsoft Visual Studio Solution File, Format Version 12.00
# Visual Studio Version 16
VisualStudioVersion = 25.0.1703.4
MinimumVisualStudioVersion = 10.0.40219.1
Project("{FAE04EC0-301F-11D3-BF4B-00C04F79EFBC}") = "MQTTpublisher", "MQTTsub\MQTTpublisher.csproj", "{D2CCAFCE-B340-4F80-B7CC-57F06D600D19}"
EndProject
Project("{FAE04EC0-301F-11D3-BF4B-00C04F79EFBC}") = "MQTTsubscriber", "MQTTsubscriber\MQTTsubscriber.csproj", "{86E4B93D-0A31-4AE4-B475-2AE3804633B5}"
EndProject
Global
	GlobalSection(SolutionConfigurationPlatforms) = preSolution
		Debug|Any CPU = Debug|Any CPU
		Release|Any CPU = Release|Any CPU
	EndGlobalSection
	GlobalSection(ProjectConfigurationPlatforms) = postSolution
		{D2CCAFCE-B340-4F80-B7CC-57F06D600D19}.Debug|Any CPU.ActiveCfg = Debug|Any CPU
		{D2CCAFCE-B340-4F80-B7CC-57F06D600D19}.Debug|Any CPU.Build.0 = Debug|Any CPU
		{D2CCAFCE-B340-4F80-B7CC-57F06D600D19}.Release|Any CPU.ActiveCfg = Release|Any CPU
		{D2CCAFCE-B340-4F80-B7CC-57F06D600D19}.Release|Any CPU.Build.0 = Release|Any CPU
		{86E4B93D-0A31-4AE4-B475-2AE3804633B5}.Debug|Any CPU.ActiveCfg = Debug|Any CPU
		{86E4B93D-0A31-4AE4-B475-2AE3804633B5}.Debug|Any CPU.Build.0 = Debug|Any CPU
		{86E4B93D-0A31-4AE4-B475-2AE3804633B5}.Release|Any CPU.ActiveCfg = Release|Any CPU
		{86E4B93D-0A31-4AE4-B475-2AE3804633B5}.Release|Any CPU.Build.0 = Release|Any CPU
	EndGlobalSection
	GlobalSection(SolutionProperties) = preSolution
		HideSolutionNode = FALSE
	EndGlobalSection
	GlobalSection(ExtensibilityGlobals) = postSolution
		SolutionGuid = {95381BFA-8ED1-48DD-A83F-C96B61AD5C9E}
	EndGlobalSection
EndGlobal
